// !$*UTF8*$!
{
	archiveVersion = 1;
	classes = {
	};
	objectVersion = 55;
	objects = {

/* Begin PBXBuildFile section */
		715EAEEC1C5B9DDD6EF7B441 /* Pods_FlixTests.framework in Frameworks */ = {isa = PBXBuildFile; fileRef = 65DC1847C2D1ADE0F9495909 /* Pods_FlixTests.framework */; };
		8FE383C81789225D3E8FF748 /* Pods_Flix.framework in Frameworks */ = {isa = PBXBuildFile; fileRef = FCA13E1989BE4B2CB853F0E8 /* Pods_Flix.framework */; };
		AD511A7A27AE054D00AFEA3E /* AppDelegate.swift in Sources */ = {isa = PBXBuildFile; fileRef = AD511A7927AE054D00AFEA3E /* AppDelegate.swift */; };
		AD511A7C27AE054D00AFEA3E /* SceneDelegate.swift in Sources */ = {isa = PBXBuildFile; fileRef = AD511A7B27AE054D00AFEA3E /* SceneDelegate.swift */; };
		AD511A8127AE054D00AFEA3E /* Main.storyboard in Resources */ = {isa = PBXBuildFile; fileRef = AD511A7F27AE054D00AFEA3E /* Main.storyboard */; };
		AD511A8327AE054F00AFEA3E /* Assets.xcassets in Resources */ = {isa = PBXBuildFile; fileRef = AD511A8227AE054F00AFEA3E /* Assets.xcassets */; };
		AD511A8627AE054F00AFEA3E /* LaunchScreen.storyboard in Resources */ = {isa = PBXBuildFile; fileRef = AD511A8427AE054F00AFEA3E /* LaunchScreen.storyboard */; };
		AD511A9127AE054F00AFEA3E /* FlixTests.swift in Sources */ = {isa = PBXBuildFile; fileRef = AD511A9027AE054F00AFEA3E /* FlixTests.swift */; };
		AD511A9B27AE054F00AFEA3E /* FlixUITests.swift in Sources */ = {isa = PBXBuildFile; fileRef = AD511A9A27AE054F00AFEA3E /* FlixUITests.swift */; };
		AD511A9D27AE054F00AFEA3E /* FlixUITestsLaunchTests.swift in Sources */ = {isa = PBXBuildFile; fileRef = AD511A9C27AE054F00AFEA3E /* FlixUITestsLaunchTests.swift */; };
		AD511AA927AEAC2400AFEA3E /* Main.storyboard in Resources */ = {isa = PBXBuildFile; fileRef = AD511A7F27AE054D00AFEA3E /* Main.storyboard */; };
		AD511AAA27AEAC2500AFEA3E /* Main.storyboard in Resources */ = {isa = PBXBuildFile; fileRef = AD511A7F27AE054D00AFEA3E /* Main.storyboard */; };
		AD511AB027AEBAD400AFEA3E /* MoviesViewController.swift in Sources */ = {isa = PBXBuildFile; fileRef = AD511AAF27AEBAD400AFEA3E /* MoviesViewController.swift */; };
		AD511AB227AEC07400AFEA3E /* MovieCell.swift in Sources */ = {isa = PBXBuildFile; fileRef = AD511AB127AEC07400AFEA3E /* MovieCell.swift */; };
		AD511AB527AEC43E00AFEA3E /* AlamofireImage in Frameworks */ = {isa = PBXBuildFile; productRef = AD511AB427AEC43E00AFEA3E /* AlamofireImage */; };
		ADF5E1C727C1B7E6004884B8 /* TrailerViewController.swift in Sources */ = {isa = PBXBuildFile; fileRef = ADF5E1C627C1B7E6004884B8 /* TrailerViewController.swift */; };
		ADF6873A27B3544C00381A63 /* MovieDetailsViewController.swift in Sources */ = {isa = PBXBuildFile; fileRef = ADF6873927B3544C00381A63 /* MovieDetailsViewController.swift */; };
		ADF6873C27B707CE00381A63 /* MovieGridViewController.swift in Sources */ = {isa = PBXBuildFile; fileRef = ADF6873B27B707CE00381A63 /* MovieGridViewController.swift */; };
		ADF6873E27B70C2B00381A63 /* MovieGridCell.swift in Sources */ = {isa = PBXBuildFile; fileRef = ADF6873D27B70C2B00381A63 /* MovieGridCell.swift */; };
		E1EE13C6FA0FD2DE14B3D4A8 /* Pods_Flix_FlixUITests.framework in Frameworks */ = {isa = PBXBuildFile; fileRef = A02124777F0800BC57CA4279 /* Pods_Flix_FlixUITests.framework */; };
/* End PBXBuildFile section */

/* Begin PBXContainerItemProxy section */
		AD511A8D27AE054F00AFEA3E /* PBXContainerItemProxy */ = {
			isa = PBXContainerItemProxy;
			containerPortal = AD511A6E27AE054D00AFEA3E /* Project object */;
			proxyType = 1;
			remoteGlobalIDString = AD511A7527AE054D00AFEA3E;
			remoteInfo = Flix;
		};
		AD511A9727AE054F00AFEA3E /* PBXContainerItemProxy */ = {
			isa = PBXContainerItemProxy;
			containerPortal = AD511A6E27AE054D00AFEA3E /* Project object */;
			proxyType = 1;
			remoteGlobalIDString = AD511A7527AE054D00AFEA3E;
			remoteInfo = Flix;
		};
/* End PBXContainerItemProxy section */

/* Begin PBXFileReference section */
		5ED8E8585CE18C24F4A5F4FC /* Pods-Flix-FlixUITests.debug.xcconfig */ = {isa = PBXFileReference; includeInIndex = 1; lastKnownFileType = text.xcconfig; name = "Pods-Flix-FlixUITests.debug.xcconfig"; path = "Target Support Files/Pods-Flix-FlixUITests/Pods-Flix-FlixUITests.debug.xcconfig"; sourceTree = "<group>"; };
		65DC1847C2D1ADE0F9495909 /* Pods_FlixTests.framework */ = {isa = PBXFileReference; explicitFileType = wrapper.framework; includeInIndex = 0; path = Pods_FlixTests.framework; sourceTree = BUILT_PRODUCTS_DIR; };
		809A1F38C5BAA9142F8BB8B4 /* Pods-Flix-FlixUITests.release.xcconfig */ = {isa = PBXFileReference; includeInIndex = 1; lastKnownFileType = text.xcconfig; name = "Pods-Flix-FlixUITests.release.xcconfig"; path = "Target Support Files/Pods-Flix-FlixUITests/Pods-Flix-FlixUITests.release.xcconfig"; sourceTree = "<group>"; };
		8249DD9992023CF3D039AFD7 /* Pods-Flix.release.xcconfig */ = {isa = PBXFileReference; includeInIndex = 1; lastKnownFileType = text.xcconfig; name = "Pods-Flix.release.xcconfig"; path = "Target Support Files/Pods-Flix/Pods-Flix.release.xcconfig"; sourceTree = "<group>"; };
		A009258F950D953A154DB995 /* Pods-FlixTests.debug.xcconfig */ = {isa = PBXFileReference; includeInIndex = 1; lastKnownFileType = text.xcconfig; name = "Pods-FlixTests.debug.xcconfig"; path = "Target Support Files/Pods-FlixTests/Pods-FlixTests.debug.xcconfig"; sourceTree = "<group>"; };
		A02124777F0800BC57CA4279 /* Pods_Flix_FlixUITests.framework */ = {isa = PBXFileReference; explicitFileType = wrapper.framework; includeInIndex = 0; path = Pods_Flix_FlixUITests.framework; sourceTree = BUILT_PRODUCTS_DIR; };
		AD511A7627AE054D00AFEA3E /* Flix.app */ = {isa = PBXFileReference; explicitFileType = wrapper.application; includeInIndex = 0; path = Flix.app; sourceTree = BUILT_PRODUCTS_DIR; };
		AD511A7927AE054D00AFEA3E /* AppDelegate.swift */ = {isa = PBXFileReference; lastKnownFileType = sourcecode.swift; path = AppDelegate.swift; sourceTree = "<group>"; };
		AD511A7B27AE054D00AFEA3E /* SceneDelegate.swift */ = {isa = PBXFileReference; lastKnownFileType = sourcecode.swift; path = SceneDelegate.swift; sourceTree = "<group>"; };
		AD511A8027AE054D00AFEA3E /* Base */ = {isa = PBXFileReference; lastKnownFileType = file.storyboard; name = Base; path = Base.lproj/Main.storyboard; sourceTree = "<group>"; };
		AD511A8227AE054F00AFEA3E /* Assets.xcassets */ = {isa = PBXFileReference; lastKnownFileType = folder.assetcatalog; path = Assets.xcassets; sourceTree = "<group>"; };
		AD511A8527AE054F00AFEA3E /* Base */ = {isa = PBXFileReference; lastKnownFileType = file.storyboard; name = Base; path = Base.lproj/LaunchScreen.storyboard; sourceTree = "<group>"; };
		AD511A8727AE054F00AFEA3E /* Info.plist */ = {isa = PBXFileReference; lastKnownFileType = text.plist.xml; path = Info.plist; sourceTree = "<group>"; };
		AD511A8C27AE054F00AFEA3E /* FlixTests.xctest */ = {isa = PBXFileReference; explicitFileType = wrapper.cfbundle; includeInIndex = 0; path = FlixTests.xctest; sourceTree = BUILT_PRODUCTS_DIR; };
		AD511A9027AE054F00AFEA3E /* FlixTests.swift */ = {isa = PBXFileReference; lastKnownFileType = sourcecode.swift; path = FlixTests.swift; sourceTree = "<group>"; };
		AD511A9627AE054F00AFEA3E /* FlixUITests.xctest */ = {isa = PBXFileReference; explicitFileType = wrapper.cfbundle; includeInIndex = 0; path = FlixUITests.xctest; sourceTree = BUILT_PRODUCTS_DIR; };
		AD511A9A27AE054F00AFEA3E /* FlixUITests.swift */ = {isa = PBXFileReference; lastKnownFileType = sourcecode.swift; path = FlixUITests.swift; sourceTree = "<group>"; };
		AD511A9C27AE054F00AFEA3E /* FlixUITestsLaunchTests.swift */ = {isa = PBXFileReference; lastKnownFileType = sourcecode.swift; path = FlixUITestsLaunchTests.swift; sourceTree = "<group>"; };
		AD511AAF27AEBAD400AFEA3E /* MoviesViewController.swift */ = {isa = PBXFileReference; lastKnownFileType = sourcecode.swift; path = MoviesViewController.swift; sourceTree = "<group>"; };
		AD511AB127AEC07400AFEA3E /* MovieCell.swift */ = {isa = PBXFileReference; lastKnownFileType = sourcecode.swift; path = MovieCell.swift; sourceTree = "<group>"; };
		ADF5E1C627C1B7E6004884B8 /* TrailerViewController.swift */ = {isa = PBXFileReference; lastKnownFileType = sourcecode.swift; path = TrailerViewController.swift; sourceTree = "<group>"; };
		ADF6873927B3544C00381A63 /* MovieDetailsViewController.swift */ = {isa = PBXFileReference; lastKnownFileType = sourcecode.swift; path = MovieDetailsViewController.swift; sourceTree = "<group>"; };
		ADF6873B27B707CE00381A63 /* MovieGridViewController.swift */ = {isa = PBXFileReference; lastKnownFileType = sourcecode.swift; path = MovieGridViewController.swift; sourceTree = "<group>"; };
		ADF6873D27B70C2B00381A63 /* MovieGridCell.swift */ = {isa = PBXFileReference; lastKnownFileType = sourcecode.swift; path = MovieGridCell.swift; sourceTree = "<group>"; };
		B4B261A1BC82F9AF7A79146C /* Pods-FlixTests.release.xcconfig */ = {isa = PBXFileReference; includeInIndex = 1; lastKnownFileType = text.xcconfig; name = "Pods-FlixTests.release.xcconfig"; path = "Target Support Files/Pods-FlixTests/Pods-FlixTests.release.xcconfig"; sourceTree = "<group>"; };
		FC9F3BA14EAC4882A7FD68EB /* Pods-Flix.debug.xcconfig */ = {isa = PBXFileReference; includeInIndex = 1; lastKnownFileType = text.xcconfig; name = "Pods-Flix.debug.xcconfig"; path = "Target Support Files/Pods-Flix/Pods-Flix.debug.xcconfig"; sourceTree = "<group>"; };
		FCA13E1989BE4B2CB853F0E8 /* Pods_Flix.framework */ = {isa = PBXFileReference; explicitFileType = wrapper.framework; includeInIndex = 0; path = Pods_Flix.framework; sourceTree = BUILT_PRODUCTS_DIR; };
/* End PBXFileReference section */

/* Begin PBXFrameworksBuildPhase section */
		AD511A7327AE054D00AFEA3E /* Frameworks */ = {
			isa = PBXFrameworksBuildPhase;
			buildActionMask = 2147483647;
			files = (
				AD511AB527AEC43E00AFEA3E /* AlamofireImage in Frameworks */,
				8FE383C81789225D3E8FF748 /* Pods_Flix.framework in Frameworks */,
			);
			runOnlyForDeploymentPostprocessing = 0;
		};
		AD511A8927AE054F00AFEA3E /* Frameworks */ = {
			isa = PBXFrameworksBuildPhase;
			buildActionMask = 2147483647;
			files = (
				715EAEEC1C5B9DDD6EF7B441 /* Pods_FlixTests.framework in Frameworks */,
			);
			runOnlyForDeploymentPostprocessing = 0;
		};
		AD511A9327AE054F00AFEA3E /* Frameworks */ = {
			isa = PBXFrameworksBuildPhase;
			buildActionMask = 2147483647;
			files = (
				E1EE13C6FA0FD2DE14B3D4A8 /* Pods_Flix_FlixUITests.framework in Frameworks */,
			);
			runOnlyForDeploymentPostprocessing = 0;
		};
/* End PBXFrameworksBuildPhase section */

/* Begin PBXGroup section */
		473EA6903723BD1E7BD41E8B /* Pods */ = {
			isa = PBXGroup;
			children = (
				FC9F3BA14EAC4882A7FD68EB /* Pods-Flix.debug.xcconfig */,
				8249DD9992023CF3D039AFD7 /* Pods-Flix.release.xcconfig */,
				5ED8E8585CE18C24F4A5F4FC /* Pods-Flix-FlixUITests.debug.xcconfig */,
				809A1F38C5BAA9142F8BB8B4 /* Pods-Flix-FlixUITests.release.xcconfig */,
				A009258F950D953A154DB995 /* Pods-FlixTests.debug.xcconfig */,
				B4B261A1BC82F9AF7A79146C /* Pods-FlixTests.release.xcconfig */,
			);
			path = Pods;
			sourceTree = "<group>";
		};
		5FE7A6E871B017DC0B8A65A3 /* Frameworks */ = {
			isa = PBXGroup;
			children = (
				FCA13E1989BE4B2CB853F0E8 /* Pods_Flix.framework */,
				A02124777F0800BC57CA4279 /* Pods_Flix_FlixUITests.framework */,
				65DC1847C2D1ADE0F9495909 /* Pods_FlixTests.framework */,
			);
			name = Frameworks;
			sourceTree = "<group>";
		};
		AD511A6D27AE054D00AFEA3E = {
			isa = PBXGroup;
			children = (
				AD511A7827AE054D00AFEA3E /* Flix */,
				AD511A8F27AE054F00AFEA3E /* FlixTests */,
				AD511A9927AE054F00AFEA3E /* FlixUITests */,
				AD511A7727AE054D00AFEA3E /* Products */,
				473EA6903723BD1E7BD41E8B /* Pods */,
				5FE7A6E871B017DC0B8A65A3 /* Frameworks */,
			);
			sourceTree = "<group>";
		};
		AD511A7727AE054D00AFEA3E /* Products */ = {
			isa = PBXGroup;
			children = (
				AD511A7627AE054D00AFEA3E /* Flix.app */,
				AD511A8C27AE054F00AFEA3E /* FlixTests.xctest */,
				AD511A9627AE054F00AFEA3E /* FlixUITests.xctest */,
			);
			name = Products;
			sourceTree = "<group>";
		};
		AD511A7827AE054D00AFEA3E /* Flix */ = {
			isa = PBXGroup;
			children = (
				ADF6873B27B707CE00381A63 /* MovieGridViewController.swift */,
				AD511A7927AE054D00AFEA3E /* AppDelegate.swift */,
				AD511A7B27AE054D00AFEA3E /* SceneDelegate.swift */,
				AD511A7F27AE054D00AFEA3E /* Main.storyboard */,
				ADF5E1C627C1B7E6004884B8 /* TrailerViewController.swift */,
				AD511AB127AEC07400AFEA3E /* MovieCell.swift */,
				AD511A8227AE054F00AFEA3E /* Assets.xcassets */,
				AD511A8427AE054F00AFEA3E /* LaunchScreen.storyboard */,
				AD511A8727AE054F00AFEA3E /* Info.plist */,
				AD511AAF27AEBAD400AFEA3E /* MoviesViewController.swift */,
				ADF6873927B3544C00381A63 /* MovieDetailsViewController.swift */,
				ADF6873D27B70C2B00381A63 /* MovieGridCell.swift */,
			);
			path = Flix;
			sourceTree = "<group>";
		};
		AD511A8F27AE054F00AFEA3E /* FlixTests */ = {
			isa = PBXGroup;
			children = (
				AD511A9027AE054F00AFEA3E /* FlixTests.swift */,
			);
			path = FlixTests;
			sourceTree = "<group>";
		};
		AD511A9927AE054F00AFEA3E /* FlixUITests */ = {
			isa = PBXGroup;
			children = (
				AD511A9A27AE054F00AFEA3E /* FlixUITests.swift */,
				AD511A9C27AE054F00AFEA3E /* FlixUITestsLaunchTests.swift */,
			);
			path = FlixUITests;
			sourceTree = "<group>";
		};
/* End PBXGroup section */

/* Begin PBXNativeTarget section */
		AD511A7527AE054D00AFEA3E /* Flix */ = {
			isa = PBXNativeTarget;
			buildConfigurationList = AD511AA027AE054F00AFEA3E /* Build configuration list for PBXNativeTarget "Flix" */;
			buildPhases = (
				BC34AF59EF1D492B6E7C6838 /* [CP] Check Pods Manifest.lock */,
				AD511A7227AE054D00AFEA3E /* Sources */,
				AD511A7327AE054D00AFEA3E /* Frameworks */,
				AD511A7427AE054D00AFEA3E /* Resources */,
				D16AD58BE03B23EC968B5FAC /* [CP] Embed Pods Frameworks */,
			);
			buildRules = (
			);
			dependencies = (
			);
			name = Flix;
			packageProductDependencies = (
				AD511AB427AEC43E00AFEA3E /* AlamofireImage */,
			);
			productName = Flix;
			productReference = AD511A7627AE054D00AFEA3E /* Flix.app */;
			productType = "com.apple.product-type.application";
		};
		AD511A8B27AE054F00AFEA3E /* FlixTests */ = {
			isa = PBXNativeTarget;
			buildConfigurationList = AD511AA327AE054F00AFEA3E /* Build configuration list for PBXNativeTarget "FlixTests" */;
			buildPhases = (
				07B3269E67BF9F381ACEDAC3 /* [CP] Check Pods Manifest.lock */,
				AD511A8827AE054F00AFEA3E /* Sources */,
				AD511A8927AE054F00AFEA3E /* Frameworks */,
				AD511A8A27AE054F00AFEA3E /* Resources */,
			);
			buildRules = (
			);
			dependencies = (
				AD511A8E27AE054F00AFEA3E /* PBXTargetDependency */,
			);
			name = FlixTests;
			productName = FlixTests;
			productReference = AD511A8C27AE054F00AFEA3E /* FlixTests.xctest */;
			productType = "com.apple.product-type.bundle.unit-test";
		};
		AD511A9527AE054F00AFEA3E /* FlixUITests */ = {
			isa = PBXNativeTarget;
			buildConfigurationList = AD511AA627AE054F00AFEA3E /* Build configuration list for PBXNativeTarget "FlixUITests" */;
			buildPhases = (
				4A4E24891E2CC2D019A91414 /* [CP] Check Pods Manifest.lock */,
				AD511A9227AE054F00AFEA3E /* Sources */,
				AD511A9327AE054F00AFEA3E /* Frameworks */,
				AD511A9427AE054F00AFEA3E /* Resources */,
				7EB5A554EE5E86D1B9A2A732 /* [CP] Embed Pods Frameworks */,
			);
			buildRules = (
			);
			dependencies = (
				AD511A9827AE054F00AFEA3E /* PBXTargetDependency */,
			);
			name = FlixUITests;
			productName = FlixUITests;
			productReference = AD511A9627AE054F00AFEA3E /* FlixUITests.xctest */;
			productType = "com.apple.product-type.bundle.ui-testing";
		};
/* End PBXNativeTarget section */

/* Begin PBXProject section */
		AD511A6E27AE054D00AFEA3E /* Project object */ = {
			isa = PBXProject;
			attributes = {
				BuildIndependentTargetsInParallel = 1;
				LastSwiftUpdateCheck = 1310;
				LastUpgradeCheck = 1310;
				TargetAttributes = {
					AD511A7527AE054D00AFEA3E = {
						CreatedOnToolsVersion = 13.1;
					};
					AD511A8B27AE054F00AFEA3E = {
						CreatedOnToolsVersion = 13.1;
						TestTargetID = AD511A7527AE054D00AFEA3E;
					};
					AD511A9527AE054F00AFEA3E = {
						CreatedOnToolsVersion = 13.1;
						TestTargetID = AD511A7527AE054D00AFEA3E;
					};
				};
			};
			buildConfigurationList = AD511A7127AE054D00AFEA3E /* Build configuration list for PBXProject "Flix" */;
			compatibilityVersion = "Xcode 13.0";
			developmentRegion = en;
			hasScannedForEncodings = 0;
			knownRegions = (
				en,
				Base,
			);
			mainGroup = AD511A6D27AE054D00AFEA3E;
			packageReferences = (
				AD511AB327AEC43E00AFEA3E /* XCRemoteSwiftPackageReference "AlamofireImage" */,
			);
			productRefGroup = AD511A7727AE054D00AFEA3E /* Products */;
			projectDirPath = "";
			projectRoot = "";
			targets = (
				AD511A7527AE054D00AFEA3E /* Flix */,
				AD511A8B27AE054F00AFEA3E /* FlixTests */,
				AD511A9527AE054F00AFEA3E /* FlixUITests */,
			);
		};
/* End PBXProject section */

/* Begin PBXResourcesBuildPhase section */
		AD511A7427AE054D00AFEA3E /* Resources */ = {
			isa = PBXResourcesBuildPhase;
			buildActionMask = 2147483647;
			files = (
				AD511A8627AE054F00AFEA3E /* LaunchScreen.storyboard in Resources */,
				AD511A8327AE054F00AFEA3E /* Assets.xcassets in Resources */,
				AD511A8127AE054D00AFEA3E /* Main.storyboard in Resources */,
			);
			runOnlyForDeploymentPostprocessing = 0;
		};
		AD511A8A27AE054F00AFEA3E /* Resources */ = {
			isa = PBXResourcesBuildPhase;
			buildActionMask = 2147483647;
			files = (
				AD511AA927AEAC2400AFEA3E /* Main.storyboard in Resources */,
			);
			runOnlyForDeploymentPostprocessing = 0;
		};
		AD511A9427AE054F00AFEA3E /* Resources */ = {
			isa = PBXResourcesBuildPhase;
			buildActionMask = 2147483647;
			files = (
				AD511AAA27AEAC2500AFEA3E /* Main.storyboard in Resources */,
			);
			runOnlyForDeploymentPostprocessing = 0;
		};
/* End PBXResourcesBuildPhase section */

/* Begin PBXShellScriptBuildPhase section */
		07B3269E67BF9F381ACEDAC3 /* [CP] Check Pods Manifest.lock */ = {
			isa = PBXShellScriptBuildPhase;
			buildActionMask = 2147483647;
			files = (
			);
			inputFileListPaths = (
			);
			inputPaths = (
				"${PODS_PODFILE_DIR_PATH}/Podfile.lock",
				"${PODS_ROOT}/Manifest.lock",
			);
			name = "[CP] Check Pods Manifest.lock";
			outputFileListPaths = (
			);
			outputPaths = (
				"$(DERIVED_FILE_DIR)/Pods-FlixTests-checkManifestLockResult.txt",
			);
			runOnlyForDeploymentPostprocessing = 0;
			shellPath = /bin/sh;
			shellScript = "diff \"${PODS_PODFILE_DIR_PATH}/Podfile.lock\" \"${PODS_ROOT}/Manifest.lock\" > /dev/null\nif [ $? != 0 ] ; then\n    # print error to STDERR\n    echo \"error: The sandbox is not in sync with the Podfile.lock. Run 'pod install' or update your CocoaPods installation.\" >&2\n    exit 1\nfi\n# This output is used by Xcode 'outputs' to avoid re-running this script phase.\necho \"SUCCESS\" > \"${SCRIPT_OUTPUT_FILE_0}\"\n";
			showEnvVarsInLog = 0;
		};
		4A4E24891E2CC2D019A91414 /* [CP] Check Pods Manifest.lock */ = {
			isa = PBXShellScriptBuildPhase;
			buildActionMask = 2147483647;
			files = (
			);
			inputFileListPaths = (
			);
			inputPaths = (
				"${PODS_PODFILE_DIR_PATH}/Podfile.lock",
				"${PODS_ROOT}/Manifest.lock",
			);
			name = "[CP] Check Pods Manifest.lock";
			outputFileListPaths = (
			);
			outputPaths = (
				"$(DERIVED_FILE_DIR)/Pods-Flix-FlixUITests-checkManifestLockResult.txt",
			);
			runOnlyForDeploymentPostprocessing = 0;
			shellPath = /bin/sh;
			shellScript = "diff \"${PODS_PODFILE_DIR_PATH}/Podfile.lock\" \"${PODS_ROOT}/Manifest.lock\" > /dev/null\nif [ $? != 0 ] ; then\n    # print error to STDERR\n    echo \"error: The sandbox is not in sync with the Podfile.lock. Run 'pod install' or update your CocoaPods installation.\" >&2\n    exit 1\nfi\n# This output is used by Xcode 'outputs' to avoid re-running this script phase.\necho \"SUCCESS\" > \"${SCRIPT_OUTPUT_FILE_0}\"\n";
			showEnvVarsInLog = 0;
		};
		7EB5A554EE5E86D1B9A2A732 /* [CP] Embed Pods Frameworks */ = {
			isa = PBXShellScriptBuildPhase;
			buildActionMask = 2147483647;
			files = (
			);
			inputFileListPaths = (
				"${PODS_ROOT}/Target Support Files/Pods-Flix-FlixUITests/Pods-Flix-FlixUITests-frameworks-${CONFIGURATION}-input-files.xcfilelist",
			);
			name = "[CP] Embed Pods Frameworks";
			outputFileListPaths = (
				"${PODS_ROOT}/Target Support Files/Pods-Flix-FlixUITests/Pods-Flix-FlixUITests-frameworks-${CONFIGURATION}-output-files.xcfilelist",
			);
			runOnlyForDeploymentPostprocessing = 0;
			shellPath = /bin/sh;
			shellScript = "\"${PODS_ROOT}/Target Support Files/Pods-Flix-FlixUITests/Pods-Flix-FlixUITests-frameworks.sh\"\n";
			showEnvVarsInLog = 0;
		};
		BC34AF59EF1D492B6E7C6838 /* [CP] Check Pods Manifest.lock */ = {
			isa = PBXShellScriptBuildPhase;
			buildActionMask = 2147483647;
			files = (
			);
			inputFileListPaths = (
			);
			inputPaths = (
				"${PODS_PODFILE_DIR_PATH}/Podfile.lock",
				"${PODS_ROOT}/Manifest.lock",
			);
			name = "[CP] Check Pods Manifest.lock";
			outputFileListPaths = (
			);
			outputPaths = (
				"$(DERIVED_FILE_DIR)/Pods-Flix-checkManifestLockResult.txt",
			);
			runOnlyForDeploymentPostprocessing = 0;
			shellPath = /bin/sh;
			shellScript = "diff \"${PODS_PODFILE_DIR_PATH}/Podfile.lock\" \"${PODS_ROOT}/Manifest.lock\" > /dev/null\nif [ $? != 0 ] ; then\n    # print error to STDERR\n    echo \"error: The sandbox is not in sync with the Podfile.lock. Run 'pod install' or update your CocoaPods installation.\" >&2\n    exit 1\nfi\n# This output is used by Xcode 'outputs' to avoid re-running this script phase.\necho \"SUCCESS\" > \"${SCRIPT_OUTPUT_FILE_0}\"\n";
			showEnvVarsInLog = 0;
		};
		D16AD58BE03B23EC968B5FAC /* [CP] Embed Pods Frameworks */ = {
			isa = PBXShellScriptBuildPhase;
			buildActionMask = 2147483647;
			files = (
			);
			inputFileListPaths = (
				"${PODS_ROOT}/Target Support Files/Pods-Flix/Pods-Flix-frameworks-${CONFIGURATION}-input-files.xcfilelist",
			);
			name = "[CP] Embed Pods Frameworks";
			outputFileListPaths = (
				"${PODS_ROOT}/Target Support Files/Pods-Flix/Pods-Flix-frameworks-${CONFIGURATION}-output-files.xcfilelist",
			);
			runOnlyForDeploymentPostprocessing = 0;
			shellPath = /bin/sh;
			shellScript = "\"${PODS_ROOT}/Target Support Files/Pods-Flix/Pods-Flix-frameworks.sh\"\n";
			showEnvVarsInLog = 0;
		};
/* End PBXShellScriptBuildPhase section */

/* Begin PBXSourcesBuildPhase section */
		AD511A7227AE054D00AFEA3E /* Sources */ = {
			isa = PBXSourcesBuildPhase;
			buildActionMask = 2147483647;
			files = (
				ADF5E1C727C1B7E6004884B8 /* TrailerViewController.swift in Sources */,
				ADF6873A27B3544C00381A63 /* MovieDetailsViewController.swift in Sources */,
				AD511A7A27AE054D00AFEA3E /* AppDelegate.swift in Sources */,
				AD511A7C27AE054D00AFEA3E /* SceneDelegate.swift in Sources */,
				AD511AB227AEC07400AFEA3E /* MovieCell.swift in Sources */,
				AD511AB027AEBAD400AFEA3E /* MoviesViewController.swift in Sources */,
				ADF6873C27B707CE00381A63 /* MovieGridViewController.swift in Sources */,
				ADF6873E27B70C2B00381A63 /* MovieGridCell.swift in Sources */,
			);
			runOnlyForDeploymentPostprocessing = 0;
		};
		AD511A8827AE054F00AFEA3E /* Sources */ = {
			isa = PBXSourcesBuildPhase;
			buildActionMask = 2147483647;
			files = (
				AD511A9127AE054F00AFEA3E /* FlixTests.swift in Sources */,
			);
			runOnlyForDeploymentPostprocessing = 0;
		};
		AD511A9227AE054F00AFEA3E /* Sources */ = {
			isa = PBXSourcesBuildPhase;
			buildActionMask = 2147483647;
			files = (
				AD511A9B27AE054F00AFEA3E /* FlixUITests.swift in Sources */,
				AD511A9D27AE054F00AFEA3E /* FlixUITestsLaunchTests.swift in Sources */,
			);
			runOnlyForDeploymentPostprocessing = 0;
		};
/* End PBXSourcesBuildPhase section */

/* Begin PBXTargetDependency section */
		AD511A8E27AE054F00AFEA3E /* PBXTargetDependency */ = {
			isa = PBXTargetDependency;
			target = AD511A7527AE054D00AFEA3E /* Flix */;
			targetProxy = AD511A8D27AE054F00AFEA3E /* PBXContainerItemProxy */;
		};
		AD511A9827AE054F00AFEA3E /* PBXTargetDependency */ = {
			isa = PBXTargetDependency;
			target = AD511A7527AE054D00AFEA3E /* Flix */;
			targetProxy = AD511A9727AE054F00AFEA3E /* PBXContainerItemProxy */;
		};
/* End PBXTargetDependency section */

/* Begin PBXVariantGroup section */
		AD511A7F27AE054D00AFEA3E /* Main.storyboard */ = {
			isa = PBXVariantGroup;
			children = (
				AD511A8027AE054D00AFEA3E /* Base */,
			);
			name = Main.storyboard;
			sourceTree = "<group>";
		};
		AD511A8427AE054F00AFEA3E /* LaunchScreen.storyboard */ = {
			isa = PBXVariantGroup;
			children = (
				AD511A8527AE054F00AFEA3E /* Base */,
			);
			name = LaunchScreen.storyboard;
			sourceTree = "<group>";
		};
/* End PBXVariantGroup section */

/* Begin XCBuildConfiguration section */
		AD511A9E27AE054F00AFEA3E /* Debug */ = {
			isa = XCBuildConfiguration;
			buildSettings = {
				ALWAYS_SEARCH_USER_PATHS = NO;
				CLANG_ANALYZER_NONNULL = YES;
				CLANG_ANALYZER_NUMBER_OBJECT_CONVERSION = YES_AGGRESSIVE;
				CLANG_CXX_LANGUAGE_STANDARD = "gnu++17";
				CLANG_CXX_LIBRARY = "libc++";
				CLANG_ENABLE_MODULES = YES;
				CLANG_ENABLE_OBJC_ARC = YES;
				CLANG_ENABLE_OBJC_WEAK = YES;
				CLANG_WARN_BLOCK_CAPTURE_AUTORELEASING = YES;
				CLANG_WARN_BOOL_CONVERSION = YES;
				CLANG_WARN_COMMA = YES;
				CLANG_WARN_CONSTANT_CONVERSION = YES;
				CLANG_WARN_DEPRECATED_OBJC_IMPLEMENTATIONS = YES;
				CLANG_WARN_DIRECT_OBJC_ISA_USAGE = YES_ERROR;
				CLANG_WARN_DOCUMENTATION_COMMENTS = YES;
				CLANG_WARN_EMPTY_BODY = YES;
				CLANG_WARN_ENUM_CONVERSION = YES;
				CLANG_WARN_INFINITE_RECURSION = YES;
				CLANG_WARN_INT_CONVERSION = YES;
				CLANG_WARN_NON_LITERAL_NULL_CONVERSION = YES;
				CLANG_WARN_OBJC_IMPLICIT_RETAIN_SELF = YES;
				CLANG_WARN_OBJC_LITERAL_CONVERSION = YES;
				CLANG_WARN_OBJC_ROOT_CLASS = YES_ERROR;
				CLANG_WARN_QUOTED_INCLUDE_IN_FRAMEWORK_HEADER = YES;
				CLANG_WARN_RANGE_LOOP_ANALYSIS = YES;
				CLANG_WARN_STRICT_PROTOTYPES = YES;
				CLANG_WARN_SUSPICIOUS_MOVE = YES;
				CLANG_WARN_UNGUARDED_AVAILABILITY = YES_AGGRESSIVE;
				CLANG_WARN_UNREACHABLE_CODE = YES;
				CLANG_WARN__DUPLICATE_METHOD_MATCH = YES;
				COPY_PHASE_STRIP = NO;
				DEBUG_INFORMATION_FORMAT = dwarf;
				ENABLE_STRICT_OBJC_MSGSEND = YES;
				ENABLE_TESTABILITY = YES;
				GCC_C_LANGUAGE_STANDARD = gnu11;
				GCC_DYNAMIC_NO_PIC = NO;
				GCC_NO_COMMON_BLOCKS = YES;
				GCC_OPTIMIZATION_LEVEL = 0;
				GCC_PREPROCESSOR_DEFINITIONS = (
					"DEBUG=1",
					"$(inherited)",
				);
				GCC_WARN_64_TO_32_BIT_CONVERSION = YES;
				GCC_WARN_ABOUT_RETURN_TYPE = YES_ERROR;
				GCC_WARN_UNDECLARED_SELECTOR = YES;
				GCC_WARN_UNINITIALIZED_AUTOS = YES_AGGRESSIVE;
				GCC_WARN_UNUSED_FUNCTION = YES;
				GCC_WARN_UNUSED_VARIABLE = YES;
				IPHONEOS_DEPLOYMENT_TARGET = 15.0;
				MTL_ENABLE_DEBUG_INFO = INCLUDE_SOURCE;
				MTL_FAST_MATH = YES;
				ONLY_ACTIVE_ARCH = YES;
				SDKROOT = iphoneos;
				SWIFT_ACTIVE_COMPILATION_CONDITIONS = DEBUG;
				SWIFT_OPTIMIZATION_LEVEL = "-Onone";
			};
			name = Debug;
		};
		AD511A9F27AE054F00AFEA3E /* Release */ = {
			isa = XCBuildConfiguration;
			buildSettings = {
				ALWAYS_SEARCH_USER_PATHS = NO;
				CLANG_ANALYZER_NONNULL = YES;
				CLANG_ANALYZER_NUMBER_OBJECT_CONVERSION = YES_AGGRESSIVE;
				CLANG_CXX_LANGUAGE_STANDARD = "gnu++17";
				CLANG_CXX_LIBRARY = "libc++";
				CLANG_ENABLE_MODULES = YES;
				CLANG_ENABLE_OBJC_ARC = YES;
				CLANG_ENABLE_OBJC_WEAK = YES;
				CLANG_WARN_BLOCK_CAPTURE_AUTORELEASING = YES;
				CLANG_WARN_BOOL_CONVERSION = YES;
				CLANG_WARN_COMMA = YES;
				CLANG_WARN_CONSTANT_CONVERSION = YES;
				CLANG_WARN_DEPRECATED_OBJC_IMPLEMENTATIONS = YES;
				CLANG_WARN_DIRECT_OBJC_ISA_USAGE = YES_ERROR;
				CLANG_WARN_DOCUMENTATION_COMMENTS = YES;
				CLANG_WARN_EMPTY_BODY = YES;
				CLANG_WARN_ENUM_CONVERSION = YES;
				CLANG_WARN_INFINITE_RECURSION = YES;
				CLANG_WARN_INT_CONVERSION = YES;
				CLANG_WARN_NON_LITERAL_NULL_CONVERSION = YES;
				CLANG_WARN_OBJC_IMPLICIT_RETAIN_SELF = YES;
				CLANG_WARN_OBJC_LITERAL_CONVERSION = YES;
				CLANG_WARN_OBJC_ROOT_CLASS = YES_ERROR;
				CLANG_WARN_QUOTED_INCLUDE_IN_FRAMEWORK_HEADER = YES;
				CLANG_WARN_RANGE_LOOP_ANALYSIS = YES;
				CLANG_WARN_STRICT_PROTOTYPES = YES;
				CLANG_WARN_SUSPICIOUS_MOVE = YES;
				CLANG_WARN_UNGUARDED_AVAILABILITY = YES_AGGRESSIVE;
				CLANG_WARN_UNREACHABLE_CODE = YES;
				CLANG_WARN__DUPLICATE_METHOD_MATCH = YES;
				COPY_PHASE_STRIP = NO;
				DEBUG_INFORMATION_FORMAT = "dwarf-with-dsym";
				ENABLE_NS_ASSERTIONS = NO;
				ENABLE_STRICT_OBJC_MSGSEND = YES;
				GCC_C_LANGUAGE_STANDARD = gnu11;
				GCC_NO_COMMON_BLOCKS = YES;
				GCC_WARN_64_TO_32_BIT_CONVERSION = YES;
				GCC_WARN_ABOUT_RETURN_TYPE = YES_ERROR;
				GCC_WARN_UNDECLARED_SELECTOR = YES;
				GCC_WARN_UNINITIALIZED_AUTOS = YES_AGGRESSIVE;
				GCC_WARN_UNUSED_FUNCTION = YES;
				GCC_WARN_UNUSED_VARIABLE = YES;
				IPHONEOS_DEPLOYMENT_TARGET = 15.0;
				MTL_ENABLE_DEBUG_INFO = NO;
				MTL_FAST_MATH = YES;
				SDKROOT = iphoneos;
				SWIFT_COMPILATION_MODE = wholemodule;
				SWIFT_OPTIMIZATION_LEVEL = "-O";
				VALIDATE_PRODUCT = YES;
			};
			name = Release;
		};
		AD511AA127AE054F00AFEA3E /* Debug */ = {
			isa = XCBuildConfiguration;
			baseConfigurationReference = FC9F3BA14EAC4882A7FD68EB /* Pods-Flix.debug.xcconfig */;
			buildSettings = {
				ASSETCATALOG_COMPILER_APPICON_NAME = AppIcon;
				ASSETCATALOG_COMPILER_GLOBAL_ACCENT_COLOR_NAME = AccentColor;
				CODE_SIGN_STYLE = Automatic;
				CURRENT_PROJECT_VERSION = 1;
				DEVELOPMENT_TEAM = G5UW4Z8Y4C;
				GENERATE_INFOPLIST_FILE = YES;
				INFOPLIST_FILE = Flix/Info.plist;
				INFOPLIST_KEY_UIApplicationSupportsIndirectInputEvents = YES;
				INFOPLIST_KEY_UILaunchStoryboardName = LaunchScreen;
				INFOPLIST_KEY_UIMainStoryboardFile = Main;
				INFOPLIST_KEY_UISupportedInterfaceOrientations_iPad = "UIInterfaceOrientationPortrait UIInterfaceOrientationPortraitUpsideDown UIInterfaceOrientationLandscapeLeft UIInterfaceOrientationLandscapeRight";
				INFOPLIST_KEY_UISupportedInterfaceOrientations_iPhone = "UIInterfaceOrientationPortrait UIInterfaceOrientationLandscapeLeft UIInterfaceOrientationLandscapeRight";
				LD_RUNPATH_SEARCH_PATHS = (
					"$(inherited)",
					"@executable_path/Frameworks",
				);
				MARKETING_VERSION = 1.0;
				PRODUCT_BUNDLE_IDENTIFIER = com.jcmk.net.Flix;
				PRODUCT_NAME = "$(TARGET_NAME)";
				SWIFT_EMIT_LOC_STRINGS = YES;
				SWIFT_VERSION = 5.0;
				TARGETED_DEVICE_FAMILY = "1,2";
			};
			name = Debug;
		};
		AD511AA227AE054F00AFEA3E /* Release */ = {
			isa = XCBuildConfiguration;
			baseConfigurationReference = 8249DD9992023CF3D039AFD7 /* Pods-Flix.release.xcconfig */;
			buildSettings = {
				ASSETCATALOG_COMPILER_APPICON_NAME = AppIcon;
				ASSETCATALOG_COMPILER_GLOBAL_ACCENT_COLOR_NAME = AccentColor;
				CODE_SIGN_STYLE = Automatic;
				CURRENT_PROJECT_VERSION = 1;
				DEVELOPMENT_TEAM = G5UW4Z8Y4C;
				GENERATE_INFOPLIST_FILE = YES;
				INFOPLIST_FILE = Flix/Info.plist;
				INFOPLIST_KEY_UIApplicationSupportsIndirectInputEvents = YES;
				INFOPLIST_KEY_UILaunchStoryboardName = LaunchScreen;
				INFOPLIST_KEY_UIMainStoryboardFile = Main;
				INFOPLIST_KEY_UISupportedInterfaceOrientations_iPad = "UIInterfaceOrientationPortrait UIInterfaceOrientationPortraitUpsideDown UIInterfaceOrientationLandscapeLeft UIInterfaceOrientationLandscapeRight";
				INFOPLIST_KEY_UISupportedInterfaceOrientations_iPhone = "UIInterfaceOrientationPortrait UIInterfaceOrientationLandscapeLeft UIInterfaceOrientationLandscapeRight";
				LD_RUNPATH_SEARCH_PATHS = (
					"$(inherited)",
					"@executable_path/Frameworks",
				);
				MARKETING_VERSION = 1.0;
				PRODUCT_BUNDLE_IDENTIFIER = com.jcmk.net.Flix;
				PRODUCT_NAME = "$(TARGET_NAME)";
				SWIFT_EMIT_LOC_STRINGS = YES;
				SWIFT_VERSION = 5.0;
				TARGETED_DEVICE_FAMILY = "1,2";
			};
			name = Release;
		};
		AD511AA427AE054F00AFEA3E /* Debug */ = {
			isa = XCBuildConfiguration;
			baseConfigurationReference = A009258F950D953A154DB995 /* Pods-FlixTests.debug.xcconfig */;
			buildSettings = {
				ALWAYS_EMBED_SWIFT_STANDARD_LIBRARIES = YES;
				BUNDLE_LOADER = "$(TEST_HOST)";
				CODE_SIGN_STYLE = Automatic;
				CURRENT_PROJECT_VERSION = 1;
				DEVELOPMENT_TEAM = G5UW4Z8Y4C;
				GENERATE_INFOPLIST_FILE = YES;
				IPHONEOS_DEPLOYMENT_TARGET = 15.0;
				LD_RUNPATH_SEARCH_PATHS = (
					"$(inherited)",
					"@executable_path/Frameworks",
					"@loader_path/Frameworks",
				);
				MARKETING_VERSION = 1.0;
				PRODUCT_BUNDLE_IDENTIFIER = com.jcmk.net.FlixTests;
				PRODUCT_NAME = "$(TARGET_NAME)";
				SWIFT_EMIT_LOC_STRINGS = NO;
				SWIFT_VERSION = 5.0;
				TARGETED_DEVICE_FAMILY = "1,2";
				TEST_HOST = "$(BUILT_PRODUCTS_DIR)/Flix.app/Flix";
			};
			name = Debug;
		};
		AD511AA527AE054F00AFEA3E /* Release */ = {
			isa = XCBuildConfiguration;
			baseConfigurationReference = B4B261A1BC82F9AF7A79146C /* Pods-FlixTests.release.xcconfig */;
			buildSettings = {
				ALWAYS_EMBED_SWIFT_STANDARD_LIBRARIES = YES;
				BUNDLE_LOADER = "$(TEST_HOST)";
				CODE_SIGN_STYLE = Automatic;
				CURRENT_PROJECT_VERSION = 1;
				DEVELOPMENT_TEAM = G5UW4Z8Y4C;
				GENERATE_INFOPLIST_FILE = YES;
				IPHONEOS_DEPLOYMENT_TARGET = 15.0;
				LD_RUNPATH_SEARCH_PATHS = (
					"$(inherited)",
					"@executable_path/Frameworks",
					"@loader_path/Frameworks",
				);
				MARKETING_VERSION = 1.0;
				PRODUCT_BUNDLE_IDENTIFIER = com.jcmk.net.FlixTests;
				PRODUCT_NAME = "$(TARGET_NAME)";
				SWIFT_EMIT_LOC_STRINGS = NO;
				SWIFT_VERSION = 5.0;
				TARGETED_DEVICE_FAMILY = "1,2";
				TEST_HOST = "$(BUILT_PRODUCTS_DIR)/Flix.app/Flix";
			};
			name = Release;
		};
		AD511AA727AE054F00AFEA3E /* Debug */ = {
			isa = XCBuildConfiguration;
			baseConfigurationReference = 5ED8E8585CE18C24F4A5F4FC /* Pods-Flix-FlixUITests.debug.xcconfig */;
			buildSettings = {
				ALWAYS_EMBED_SWIFT_STANDARD_LIBRARIES = YES;
				CODE_SIGN_STYLE = Automatic;
				CURRENT_PROJECT_VERSION = 1;
				DEVELOPMENT_TEAM = G5UW4Z8Y4C;
				GENERATE_INFOPLIST_FILE = YES;
				LD_RUNPATH_SEARCH_PATHS = (
					"$(inherited)",
					"@executable_path/Frameworks",
					"@loader_path/Frameworks",
				);
				MARKETING_VERSION = 1.0;
				PRODUCT_BUNDLE_IDENTIFIER = com.jcmk.net.FlixUITests;
				PRODUCT_NAME = "$(TARGET_NAME)";
				SWIFT_EMIT_LOC_STRINGS = NO;
				SWIFT_VERSION = 5.0;
				TARGETED_DEVICE_FAMILY = "1,2";
				TEST_TARGET_NAME = Flix;
			};
			name = Debug;
		};
		AD511AA827AE054F00AFEA3E /* Release */ = {
			isa = XCBuildConfiguration;
			baseConfigurationReference = 809A1F38C5BAA9142F8BB8B4 /* Pods-Flix-FlixUITests.release.xcconfig */;
			buildSettings = {
				ALWAYS_EMBED_SWIFT_STANDARD_LIBRARIES = YES;
				CODE_SIGN_STYLE = Automatic;
				CURRENT_PROJECT_VERSION = 1;
				DEVELOPMENT_TEAM = G5UW4Z8Y4C;
				GENERATE_INFOPLIST_FILE = YES;
				LD_RUNPATH_SEARCH_PATHS = (
					"$(inherited)",
					"@executable_path/Frameworks",
					"@loader_path/Frameworks",
				);
				MARKETING_VERSION = 1.0;
				PRODUCT_BUNDLE_IDENTIFIER = com.jcmk.net.FlixUITests;
				PRODUCT_NAME = "$(TARGET_NAME)";
				SWIFT_EMIT_LOC_STRINGS = NO;
				SWIFT_VERSION = 5.0;
				TARGETED_DEVICE_FAMILY = "1,2";
				TEST_TARGET_NAME = Flix;
			};
			name = Release;
		};
/* End XCBuildConfiguration section */

/* Begin XCConfigurationList section */
		AD511A7127AE054D00AFEA3E /* Build configuration list for PBXProject "Flix" */ = {
			isa = XCConfigurationList;
			buildConfigurations = (
				AD511A9E27AE054F00AFEA3E /* Debug */,
				AD511A9F27AE054F00AFEA3E /* Release */,
			);
			defaultConfigurationIsVisible = 0;
			defaultConfigurationName = Release;
		};
		AD511AA027AE054F00AFEA3E /* Build configuration list for PBXNativeTarget "Flix" */ = {
			isa = XCConfigurationList;
			buildConfigurations = (
				AD511AA127AE054F00AFEA3E /* Debug */,
				AD511AA227AE054F00AFEA3E /* Release */,
			);
			defaultConfigurationIsVisible = 0;
			defaultConfigurationName = Release;
		};
		AD511AA327AE054F00AFEA3E /* Build configuration list for PBXNativeTarget "FlixTests" */ = {
			isa = XCConfigurationList;
			buildConfigurations = (
				AD511AA427AE054F00AFEA3E /* Debug */,
				AD511AA527AE054F00AFEA3E /* Release */,
			);
			defaultConfigurationIsVisible = 0;
			defaultConfigurationName = Release;
		};
		AD511AA627AE054F00AFEA3E /* Build configuration list for PBXNativeTarget "FlixUITests" */ = {
			isa = XCConfigurationList;
			buildConfigurations = (
				AD511AA727AE054F00AFEA3E /* Debug */,
				AD511AA827AE054F00AFEA3E /* Release */,
			);
			defaultConfigurationIsVisible = 0;
			defaultConfigurationName = Release;
		};
/* End XCConfigurationList section */

/* Begin XCRemoteSwiftPackageReference section */
		AD511AB327AEC43E00AFEA3E /* XCRemoteSwiftPackageReference "AlamofireImage" */ = {
			isa = XCRemoteSwiftPackageReference;
			repositoryURL = "https://github.com/Alamofire/AlamofireImage";
			requirement = {
				kind = upToNextMajorVersion;
				minimumVersion = 4.0.0;
			};
		};
/* End XCRemoteSwiftPackageReference section */

/* Begin XCSwiftPackageProductDependency section */
		AD511AB427AEC43E00AFEA3E /* AlamofireImage */ = {
			isa = XCSwiftPackageProductDependency;
			package = AD511AB327AEC43E00AFEA3E /* XCRemoteSwiftPackageReference "AlamofireImage" */;
			productName = AlamofireImage;
		};
/* End XCSwiftPackageProductDependency section */
	};
	rootObject = AD511A6E27AE054D00AFEA3E /* Project object */;
}
